
Microsoft Visual Studio Solution File, Format Version 11.00
# Visual C# Express 2010
Project("{FAE04EC0-301F-11D3-BF4B-00C04F79EFBC}") = "CountDown 3 9 15", "CountDown 3 9 15\CountDown 3 9 15.csproj", "{0B22D88C-BA67-4FAE-97A2-28B71CA51A10}"
EndProject
Global
	GlobalSection(SolutionConfigurationPlatforms) = preSolution
		Debug|x86 = Debug|x86
		Release|x86 = Release|x86
	EndGlobalSection
	GlobalSection(ProjectConfigurationPlatforms) = postSolution
		{0B22D88C-BA67-4FAE-97A2-28B71CA51A10}.Debug|x86.ActiveCfg = Debug|x86
		{0B22D88C-BA67-4FAE-97A2-28B71CA51A10}.Debug|x86.Build.0 = Debug|x86
		{0B22D88C-BA67-4FAE-97A2-28B71CA51A10}.Release|x86.ActiveCfg = Release|x86
		{0B22D88C-BA67-4FAE-97A2-28B71CA51A10}.Release|x86.Build.0 = Release|x86
	EndGlobalSection
	GlobalSection(SolutionProperties) = preSolution
		HideSolutionNode = FALSE
	EndGlobalSection
EndGlobal
